// !$*UTF8*$!
{
	archiveVersion = 1;
	classes = {
	};
	objectVersion = 46;
	objects = {

/* Begin PBXBuildFile section */
		54D1E6B4195162A600C339D0 /* AppDelegate.swift in Sources */ = {isa = PBXBuildFile; fileRef = 54D1E6B3195162A600C339D0 /* AppDelegate.swift */; };
		54D1E6B7195162A600C339D0 /* CoreDataExample2.xcdatamodeld in Sources */ = {isa = PBXBuildFile; fileRef = 54D1E6B5195162A600C339D0 /* CoreDataExample2.xcdatamodeld */; };
		54D1E6B9195162A600C339D0 /* ViewController.swift in Sources */ = {isa = PBXBuildFile; fileRef = 54D1E6B8195162A600C339D0 /* ViewController.swift */; };
		54D1E6BC195162A600C339D0 /* Main.storyboard in Resources */ = {isa = PBXBuildFile; fileRef = 54D1E6BA195162A600C339D0 /* Main.storyboard */; };
		54D1E6BE195162A600C339D0 /* Images.xcassets in Resources */ = {isa = PBXBuildFile; fileRef = 54D1E6BD195162A600C339D0 /* Images.xcassets */; };
		54D1E6CA195162A600C339D0 /* CoreDataExample2Tests.swift in Sources */ = {isa = PBXBuildFile; fileRef = 54D1E6C9195162A600C339D0 /* CoreDataExample2Tests.swift */; };
/* End PBXBuildFile section */

/* Begin PBXContainerItemProxy section */
		54D1E6C4195162A600C339D0 /* PBXContainerItemProxy */ = {
			isa = PBXContainerItemProxy;
			containerPortal = 54D1E6A6195162A600C339D0 /* Project object */;
			proxyType = 1;
			remoteGlobalIDString = 54D1E6AD195162A600C339D0;
			remoteInfo = CoreDataExample2;
		};
/* End PBXContainerItemProxy section */

/* Begin PBXFileReference section */
		54D1E6AE195162A600C339D0 /* CoreDataExample2.app */ = {isa = PBXFileReference; explicitFileType = wrapper.application; includeInIndex = 0; path = CoreDataExample2.app; sourceTree = BUILT_PRODUCTS_DIR; };
		54D1E6B2195162A600C339D0 /* Info.plist */ = {isa = PBXFileReference; lastKnownFileType = text.plist.xml; path = Info.plist; sourceTree = "<group>"; };
		54D1E6B3195162A600C339D0 /* AppDelegate.swift */ = {isa = PBXFileReference; lastKnownFileType = sourcecode.swift; path = AppDelegate.swift; sourceTree = "<group>"; };
		54D1E6B6195162A600C339D0 /* CoreDataExample2.xcdatamodel */ = {isa = PBXFileReference; lastKnownFileType = wrapper.xcdatamodel; path = CoreDataExample2.xcdatamodel; sourceTree = "<group>"; };
		54D1E6B8195162A600C339D0 /* ViewController.swift */ = {isa = PBXFileReference; lastKnownFileType = sourcecode.swift; path = ViewController.swift; sourceTree = "<group>"; };
		54D1E6BB195162A600C339D0 /* Base */ = {isa = PBXFileReference; lastKnownFileType = file.storyboard; name = Base; path = Base.lproj/Main.storyboard; sourceTree = "<group>"; };
		54D1E6BD195162A600C339D0 /* Images.xcassets */ = {isa = PBXFileReference; lastKnownFileType = folder.assetcatalog; path = Images.xcassets; sourceTree = "<group>"; };
		54D1E6C3195162A600C339D0 /* CoreDataExample2Tests.xctest */ = {isa = PBXFileReference; explicitFileType = wrapper.cfbundle; includeInIndex = 0; path = CoreDataExample2Tests.xctest; sourceTree = BUILT_PRODUCTS_DIR; };
		54D1E6C8195162A600C339D0 /* Info.plist */ = {isa = PBXFileReference; lastKnownFileType = text.plist.xml; path = Info.plist; sourceTree = "<group>"; };
		54D1E6C9195162A600C339D0 /* CoreDataExample2Tests.swift */ = {isa = PBXFileReference; lastKnownFileType = sourcecode.swift; path = CoreDataExample2Tests.swift; sourceTree = "<group>"; };
/* End PBXFileReference section */

/* Begin PBXFrameworksBuildPhase section */
		54D1E6AB195162A600C339D0 /* Frameworks */ = {
			isa = PBXFrameworksBuildPhase;
			buildActionMask = 2147483647;
			files = (
			);
			runOnlyForDeploymentPostprocessing = 0;
		};
		54D1E6C0195162A600C339D0 /* Frameworks */ = {
			isa = PBXFrameworksBuildPhase;
			buildActionMask = 2147483647;
			files = (
			);
			runOnlyForDeploymentPostprocessing = 0;
		};
/* End PBXFrameworksBuildPhase section */

/* Begin PBXGroup section */
		54D1E6A5195162A600C339D0 = {
			isa = PBXGroup;
			children = (
				54D1E6B0195162A600C339D0 /* CoreDataExample2 */,
				54D1E6C6195162A600C339D0 /* CoreDataExample2Tests */,
				54D1E6AF195162A600C339D0 /* Products */,
			);
			sourceTree = "<group>";
		};
		54D1E6AF195162A600C339D0 /* Products */ = {
			isa = PBXGroup;
			children = (
				54D1E6AE195162A600C339D0 /* CoreDataExample2.app */,
				54D1E6C3195162A600C339D0 /* CoreDataExample2Tests.xctest */,
			);
			name = Products;
			sourceTree = "<group>";
		};
		54D1E6B0195162A600C339D0 /* CoreDataExample2 */ = {
			isa = PBXGroup;
			children = (
				54D1E6B3195162A600C339D0 /* AppDelegate.swift */,
				54D1E6B8195162A600C339D0 /* ViewController.swift */,
				54D1E6BA195162A600C339D0 /* Main.storyboard */,
				54D1E6BD195162A600C339D0 /* Images.xcassets */,
				54D1E6B5195162A600C339D0 /* CoreDataExample2.xcdatamodeld */,
				54D1E6B1195162A600C339D0 /* Supporting Files */,
			);
			path = CoreDataExample2;
			sourceTree = "<group>";
		};
		54D1E6B1195162A600C339D0 /* Supporting Files */ = {
			isa = PBXGroup;
			children = (
				54D1E6B2195162A600C339D0 /* Info.plist */,
			);
			name = "Supporting Files";
			sourceTree = "<group>";
		};
		54D1E6C6195162A600C339D0 /* CoreDataExample2Tests */ = {
			isa = PBXGroup;
			children = (
				54D1E6C9195162A600C339D0 /* CoreDataExample2Tests.swift */,
				54D1E6C7195162A600C339D0 /* Supporting Files */,
			);
			path = CoreDataExample2Tests;
			sourceTree = "<group>";
		};
		54D1E6C7195162A600C339D0 /* Supporting Files */ = {
			isa = PBXGroup;
			children = (
				54D1E6C8195162A600C339D0 /* Info.plist */,
			);
			name = "Supporting Files";
			sourceTree = "<group>";
		};
/* End PBXGroup section */

/* Begin PBXNativeTarget section */
		54D1E6AD195162A600C339D0 /* CoreDataExample2 */ = {
			isa = PBXNativeTarget;
			buildConfigurationList = 54D1E6CD195162A600C339D0 /* Build configuration list for PBXNativeTarget "CoreDataExample2" */;
			buildPhases = (
				54D1E6AA195162A600C339D0 /* Sources */,
				54D1E6AB195162A600C339D0 /* Frameworks */,
				54D1E6AC195162A600C339D0 /* Resources */,
			);
			buildRules = (
			);
			dependencies = (
			);
			name = CoreDataExample2;
			productName = CoreDataExample2;
			productReference = 54D1E6AE195162A600C339D0 /* CoreDataExample2.app */;
			productType = "com.apple.product-type.application";
		};
		54D1E6C2195162A600C339D0 /* CoreDataExample2Tests */ = {
			isa = PBXNativeTarget;
			buildConfigurationList = 54D1E6D0195162A600C339D0 /* Build configuration list for PBXNativeTarget "CoreDataExample2Tests" */;
			buildPhases = (
				54D1E6BF195162A600C339D0 /* Sources */,
				54D1E6C0195162A600C339D0 /* Frameworks */,
				54D1E6C1195162A600C339D0 /* Resources */,
			);
			buildRules = (
			);
			dependencies = (
				54D1E6C5195162A600C339D0 /* PBXTargetDependency */,
			);
			name = CoreDataExample2Tests;
			productName = CoreDataExample2Tests;
			productReference = 54D1E6C3195162A600C339D0 /* CoreDataExample2Tests.xctest */;
			productType = "com.apple.product-type.bundle.unit-test";
		};
/* End PBXNativeTarget section */

/* Begin PBXProject section */
		54D1E6A6195162A600C339D0 /* Project object */ = {
			isa = PBXProject;
			attributes = {
				LastUpgradeCheck = 0600;
				ORGANIZATIONNAME = Maciek;
				TargetAttributes = {
					54D1E6AD195162A600C339D0 = {
						CreatedOnToolsVersion = 6.0;
					};
					54D1E6C2195162A600C339D0 = {
						CreatedOnToolsVersion = 6.0;
						TestTargetID = 54D1E6AD195162A600C339D0;
					};
				};
			};
			buildConfigurationList = 54D1E6A9195162A600C339D0 /* Build configuration list for PBXProject "CoreDataExample2" */;
			compatibilityVersion = "Xcode 3.2";
			developmentRegion = English;
			hasScannedForEncodings = 0;
			knownRegions = (
				en,
				Base,
			);
			mainGroup = 54D1E6A5195162A600C339D0;
			productRefGroup = 54D1E6AF195162A600C339D0 /* Products */;
			projectDirPath = "";
			projectRoot = "";
			targets = (
				54D1E6AD195162A600C339D0 /* CoreDataExample2 */,
				54D1E6C2195162A600C339D0 /* CoreDataExample2Tests */,
			);
		};
/* End PBXProject section */

/* Begin PBXResourcesBuildPhase section */
		54D1E6AC195162A600C339D0 /* Resources */ = {
			isa = PBXResourcesBuildPhase;
			buildActionMask = 2147483647;
			files = (
				54D1E6BC195162A600C339D0 /* Main.storyboard in Resources */,
				54D1E6BE195162A600C339D0 /* Images.xcassets in Resources */,
			);
			runOnlyForDeploymentPostprocessing = 0;
		};
		54D1E6C1195162A600C339D0 /* Resources */ = {
			isa = PBXResourcesBuildPhase;
			buildActionMask = 2147483647;
			files = (
			);
			runOnlyForDeploymentPostprocessing = 0;
		};
/* End PBXResourcesBuildPhase section */

/* Begin PBXSourcesBuildPhase section */
		54D1E6AA195162A600C339D0 /* Sources */ = {
			isa = PBXSourcesBuildPhase;
			buildActionMask = 2147483647;
			files = (
				54D1E6B9195162A600C339D0 /* ViewController.swift in Sources */,
				54D1E6B7195162A600C339D0 /* CoreDataExample2.xcdatamodeld in Sources */,
				54D1E6B4195162A600C339D0 /* AppDelegate.swift in Sources */,
			);
			runOnlyForDeploymentPostprocessing = 0;
		};
		54D1E6BF195162A600C339D0 /* Sources */ = {
			isa = PBXSourcesBuildPhase;
			buildActionMask = 2147483647;
			files = (
				54D1E6CA195162A600C339D0 /* CoreDataExample2Tests.swift in Sources */,
			);
			runOnlyForDeploymentPostprocessing = 0;
		};
/* End PBXSourcesBuildPhase section */

/* Begin PBXTargetDependency section */
		54D1E6C5195162A600C339D0 /* PBXTargetDependency */ = {
			isa = PBXTargetDependency;
			target = 54D1E6AD195162A600C339D0 /* CoreDataExample2 */;
			targetProxy = 54D1E6C4195162A600C339D0 /* PBXContainerItemProxy */;
		};
/* End PBXTargetDependency section */

/* Begin PBXVariantGroup section */
		54D1E6BA195162A600C339D0 /* Main.storyboard */ = {
			isa = PBXVariantGroup;
			children = (
				54D1E6BB195162A600C339D0 /* Base */,
			);
			name = Main.storyboard;
			sourceTree = "<group>";
		};
/* End PBXVariantGroup section */

/* Begin XCBuildConfiguration section */
		54D1E6CB195162A600C339D0 /* Debug */ = {
			isa = XCBuildConfiguration;
			buildSettings = {
				ALWAYS_SEARCH_USER_PATHS = NO;
				CLANG_CXX_LANGUAGE_STANDARD = "gnu++0x";
				CLANG_CXX_LIBRARY = "libc++";
				CLANG_ENABLE_MODULES = YES;
				CLANG_ENABLE_OBJC_ARC = YES;
				CLANG_WARN_BOOL_CONVERSION = YES;
				CLANG_WARN_CONSTANT_CONVERSION = YES;
				CLANG_WARN_DIRECT_OBJC_ISA_USAGE = YES_ERROR;
				CLANG_WARN_EMPTY_BODY = YES;
				CLANG_WARN_ENUM_CONVERSION = YES;
				CLANG_WARN_INT_CONVERSION = YES;
				CLANG_WARN_OBJC_ROOT_CLASS = YES_ERROR;
				CLANG_WARN_UNREACHABLE_CODE = YES;
				CLANG_WARN__DUPLICATE_METHOD_MATCH = YES;
				"CODE_SIGN_IDENTITY[sdk=iphoneos*]" = "iPhone Developer";
				COPY_PHASE_STRIP = NO;
				ENABLE_STRICT_OBJC_MSGSEND = YES;
				GCC_C_LANGUAGE_STANDARD = gnu99;
				GCC_DYNAMIC_NO_PIC = NO;
				GCC_OPTIMIZATION_LEVEL = 0;
				GCC_PREPROCESSOR_DEFINITIONS = (
					"DEBUG=1",
					"$(inherited)",
				);
				GCC_SYMBOLS_PRIVATE_EXTERN = NO;
				GCC_WARN_64_TO_32_BIT_CONVERSION = YES;
				GCC_WARN_ABOUT_RETURN_TYPE = YES_ERROR;
				GCC_WARN_UNDECLARED_SELECTOR = YES;
				GCC_WARN_UNINITIALIZED_AUTOS = YES_AGGRESSIVE;
				GCC_WARN_UNUSED_FUNCTION = YES;
				GCC_WARN_UNUSED_VARIABLE = YES;
				IPHONEOS_DEPLOYMENT_TARGET = 8.0;
				METAL_ENABLE_DEBUG_INFO = YES;
				ONLY_ACTIVE_ARCH = YES;
				SDKROOT = iphoneos;
				SWIFT_OPTIMIZATION_LEVEL = "-Onone";
			};
			name = Debug;
		};
		54D1E6CC195162A600C339D0 /* Release */ = {
			isa = XCBuildConfiguration;
			buildSettings = {
				ALWAYS_SEARCH_USER_PATHS = NO;
				CLANG_CXX_LANGUAGE_STANDARD = "gnu++0x";
				CLANG_CXX_LIBRARY = "libc++";
				CLANG_ENABLE_MODULES = YES;
				CLANG_ENABLE_OBJC_ARC = YES;
				CLANG_WARN_BOOL_CONVERSION = YES;
				CLANG_WARN_CONSTANT_CONVERSION = YES;
				CLANG_WARN_DIRECT_OBJC_ISA_USAGE = YES_ERROR;
				CLANG_WARN_EMPTY_BODY = YES;
				CLANG_WARN_ENUM_CONVERSION = YES;
				CLANG_WARN_INT_CONVERSION = YES;
				CLANG_WARN_OBJC_ROOT_CLASS = YES_ERROR;
				CLANG_WARN_UNREACHABLE_CODE = YES;
				CLANG_WARN__DUPLICATE_METHOD_MATCH = YES;
				"CODE_SIGN_IDENTITY[sdk=iphoneos*]" = "iPhone Developer";
				COPY_PHASE_STRIP = YES;
				ENABLE_NS_ASSERTIONS = NO;
				ENABLE_STRICT_OBJC_MSGSEND = YES;
				GCC_C_LANGUAGE_STANDARD = gnu99;
				GCC_WARN_64_TO_32_BIT_CONVERSION = YES;
				GCC_WARN_ABOUT_RETURN_TYPE = YES_ERROR;
				GCC_WARN_UNDECLARED_SELECTOR = YES;
				GCC_WARN_UNINITIALIZED_AUTOS = YES_AGGRESSIVE;
				GCC_WARN_UNUSED_FUNCTION = YES;
				GCC_WARN_UNUSED_VARIABLE = YES;
				IPHONEOS_DEPLOYMENT_TARGET = 8.0;
				METAL_ENABLE_DEBUG_INFO = NO;
				SDKROOT = iphoneos;
				VALIDATE_PRODUCT = YES;
			};
			name = Release;
		};
		54D1E6CE195162A600C339D0 /* Debug */ = {
			isa = XCBuildConfiguration;
			buildSettings = {
				ASSETCATALOG_COMPILER_APPICON_NAME = AppIcon;
				ASSETCATALOG_COMPILER_LAUNCHIMAGE_NAME = LaunchImage;
				INFOPLIST_FILE = CoreDataExample2/Info.plist;
				LD_RUNPATH_SEARCH_PATHS = "$(inherited) @executable_path/Frameworks";
				PRODUCT_NAME = "$(TARGET_NAME)";
			};
			name = Debug;
		};
		54D1E6CF195162A600C339D0 /* Release */ = {
			isa = XCBuildConfiguration;
			buildSettings = {
				ASSETCATALOG_COMPILER_APPICON_NAME = AppIcon;
				ASSETCATALOG_COMPILER_LAUNCHIMAGE_NAME = LaunchImage;
				INFOPLIST_FILE = CoreDataExample2/Info.plist;
				LD_RUNPATH_SEARCH_PATHS = "$(inherited) @executable_path/Frameworks";
				PRODUCT_NAME = "$(TARGET_NAME)";
			};
			name = Release;
		};
		54D1E6D1195162A600C339D0 /* Debug */ = {
			isa = XCBuildConfiguration;
			buildSettings = {
				BUNDLE_LOADER = "$(BUILT_PRODUCTS_DIR)/CoreDataExample2.app/CoreDataExample2";
				FRAMEWORK_SEARCH_PATHS = (
					"$(SDKROOT)/Developer/Library/Frameworks",
					"$(inherited)",
				);
				GCC_PREPROCESSOR_DEFINITIONS = (
					"DEBUG=1",
					"$(inherited)",
				);
				INFOPLIST_FILE = CoreDataExample2Tests/Info.plist;
				LD_RUNPATH_SEARCH_PATHS = "$(inherited) @executable_path/Frameworks @loader_path/Frameworks";
				METAL_ENABLE_DEBUG_INFO = YES;
				PRODUCT_NAME = "$(TARGET_NAME)";
				TEST_HOST = "$(BUNDLE_LOADER)";
			};
			name = Debug;
		};
		54D1E6D2195162A600C339D0 /* Release */ = {
			isa = XCBuildConfiguration;
			buildSettings = {
				BUNDLE_LOADER = "$(BUILT_PRODUCTS_DIR)/CoreDataExample2.app/CoreDataExample2";
				FRAMEWORK_SEARCH_PATHS = (
					"$(SDKROOT)/Developer/Library/Frameworks",
					"$(inherited)",
				);
				INFOPLIST_FILE = CoreDataExample2Tests/Info.plist;
				LD_RUNPATH_SEARCH_PATHS = "$(inherited) @executable_path/Frameworks @loader_path/Frameworks";
				METAL_ENABLE_DEBUG_INFO = NO;
				PRODUCT_NAME = "$(TARGET_NAME)";
				TEST_HOST = "$(BUNDLE_LOADER)";
			};
			name = Release;
		};
/* End XCBuildConfiguration section */

/* Begin XCConfigurationList section */
		54D1E6A9195162A600C339D0 /* Build configuration list for PBXProject "CoreDataExample2" */ = {
			isa = XCConfigurationList;
			buildConfigurations = (
				54D1E6CB195162A600C339D0 /* Debug */,
				54D1E6CC195162A600C339D0 /* Release */,
			);
			defaultConfigurationIsVisible = 0;
			defaultConfigurationName = Release;
		};
		54D1E6CD195162A600C339D0 /* Build configuration list for PBXNativeTarget "CoreDataExample2" */ = {
			isa = XCConfigurationList;
			buildConfigurations = (
				54D1E6CE195162A600C339D0 /* Debug */,
				54D1E6CF195162A600C339D0 /* Release */,
			);
			defaultConfigurationIsVisible = 0;
		};
		54D1E6D0195162A600C339D0 /* Build configuration list for PBXNativeTarget "CoreDataExample2Tests" */ = {
			isa = XCConfigurationList;
			buildConfigurations = (
				54D1E6D1195162A600C339D0 /* Debug */,
				54D1E6D2195162A600C339D0 /* Release */,
			);
			defaultConfigurationIsVisible = 0;
		};
/* End XCConfigurationList section */

/* Begin XCVersionGroup section */
		54D1E6B5195162A600C339D0 /* CoreDataExample2.xcdatamodeld */ = {
			isa = XCVersionGroup;
			children = (
				54D1E6B6195162A600C339D0 /* CoreDataExample2.xcdatamodel */,
			);
			currentVersion = 54D1E6B6195162A600C339D0 /* CoreDataExample2.xcdatamodel */;
			path = CoreDataExample2.xcdatamodeld;
			sourceTree = "<group>";
			versionGroupType = wrapper.xcdatamodel;
		};
/* End XCVersionGroup section */
	};
	rootObject = 54D1E6A6195162A600C339D0 /* Project object */;
}
